
Microsoft Visual Studio Solution File, Format Version 12.00
# Visual Studio 14
VisualStudioVersion = 14.0.25420.1
MinimumVisualStudioVersion = 10.0.40219.1
Project("{FAE04EC0-301F-11D3-BF4B-00C04F79EFBC}") = "Cwiczenie1", "Cwiczenie1\Cwiczenie1.csproj", "{6803D8D2-7169-4900-954F-2BB1C4AB5CAF}"
EndProject
Project("{FAE04EC0-301F-11D3-BF4B-00C04F79EFBC}") = "Calc", "Calc\Calc.csproj", "{1AE63A89-1AF3-4079-BC5D-FCCB9885DFED}"
EndProject
Project("{FAE04EC0-301F-11D3-BF4B-00C04F79EFBC}") = "Cwiczenie.Tests", "Cwiczenie.Tests\Cwiczenie.Tests.csproj", "{2A98CB81-22BA-4C21-BCD8-C12D78373912}"
EndProject
Project("{FAE04EC0-301F-11D3-BF4B-00C04F79EFBC}") = "GoogleTesting", "GoogleTesting\GoogleTesting.csproj", "{6F67F030-C09D-4CCC-A8D5-9990CB40ED6F}"
EndProject
Global
	GlobalSection(SolutionConfigurationPlatforms) = preSolution
		Debug|Any CPU = Debug|Any CPU
		Release|Any CPU = Release|Any CPU
	EndGlobalSection
	GlobalSection(ProjectConfigurationPlatforms) = postSolution
		{6803D8D2-7169-4900-954F-2BB1C4AB5CAF}.Debug|Any CPU.ActiveCfg = Debug|Any CPU
		{6803D8D2-7169-4900-954F-2BB1C4AB5CAF}.Debug|Any CPU.Build.0 = Debug|Any CPU
		{6803D8D2-7169-4900-954F-2BB1C4AB5CAF}.Release|Any CPU.ActiveCfg = Release|Any CPU
		{6803D8D2-7169-4900-954F-2BB1C4AB5CAF}.Release|Any CPU.Build.0 = Release|Any CPU
		{1AE63A89-1AF3-4079-BC5D-FCCB9885DFED}.Debug|Any CPU.ActiveCfg = Debug|Any CPU
		{1AE63A89-1AF3-4079-BC5D-FCCB9885DFED}.Debug|Any CPU.Build.0 = Debug|Any CPU
		{1AE63A89-1AF3-4079-BC5D-FCCB9885DFED}.Release|Any CPU.ActiveCfg = Release|Any CPU
		{1AE63A89-1AF3-4079-BC5D-FCCB9885DFED}.Release|Any CPU.Build.0 = Release|Any CPU
		{2A98CB81-22BA-4C21-BCD8-C12D78373912}.Debug|Any CPU.ActiveCfg = Debug|Any CPU
		{2A98CB81-22BA-4C21-BCD8-C12D78373912}.Debug|Any CPU.Build.0 = Debug|Any CPU
		{2A98CB81-22BA-4C21-BCD8-C12D78373912}.Release|Any CPU.ActiveCfg = Release|Any CPU
		{2A98CB81-22BA-4C21-BCD8-C12D78373912}.Release|Any CPU.Build.0 = Release|Any CPU
		{6F67F030-C09D-4CCC-A8D5-9990CB40ED6F}.Debug|Any CPU.ActiveCfg = Debug|Any CPU
		{6F67F030-C09D-4CCC-A8D5-9990CB40ED6F}.Debug|Any CPU.Build.0 = Debug|Any CPU
		{6F67F030-C09D-4CCC-A8D5-9990CB40ED6F}.Release|Any CPU.ActiveCfg = Release|Any CPU
		{6F67F030-C09D-4CCC-A8D5-9990CB40ED6F}.Release|Any CPU.Build.0 = Release|Any CPU
	EndGlobalSection
	GlobalSection(SolutionProperties) = preSolution
		HideSolutionNode = FALSE
	EndGlobalSection
EndGlobal
